
Microsoft Visual Studio Solution File, Format Version 12.00
# Visual Studio 2012
Project("{FAE04EC0-301F-11D3-BF4B-00C04F79EFBC}") = "DR.DataAccess.Test.Performance", "DR.DataAccess.Test\DR.DataAccess.Test.Performance.csproj", "{50F2C8C1-D1CC-4B31-B4B6-BB2E53991D74}"
EndProject
Project("{2150E333-8FDC-42A3-9474-1A3956D46DE8}") = "Test", "Test", "{88C41FA8-5562-479B-BE8F-1D607AB09A1D}"
EndProject
Project("{FAE04EC0-301F-11D3-BF4B-00C04F79EFBC}") = "DR.DataAccess.Linq2Sql", "DR.DataAccess.Linq2Sql\DR.DataAccess.Linq2Sql.csproj", "{B10FAC39-A2E6-4D8E-89F7-6C1E007BBA6B}"
EndProject
Project("{FAE04EC0-301F-11D3-BF4B-00C04F79EFBC}") = "DR.DataAccess.NHibernate", "DR.DataAccess.NHibernate\DR.DataAccess.NHibernate.csproj", "{48C67FA4-95C2-43DF-B26E-253E112C204D}"
EndProject
Project("{FAE04EC0-301F-11D3-BF4B-00C04F79EFBC}") = "DR.DataAccess.EntityFramework", "DR.DataAccess.EntityFramework\DR.DataAccess.EntityFramework.csproj", "{D3829EB5-442B-4E07-8276-E704324F4E92}"
EndProject
Project("{FAE04EC0-301F-11D3-BF4B-00C04F79EFBC}") = "DR.DataAccess.AdoNet", "DR.DataAccess.AdoNet\DR.DataAccess.AdoNet.csproj", "{DFB28E3D-06DF-4155-9AD2-41A7A58E5106}"
EndProject
Project("{2150E333-8FDC-42A3-9474-1A3956D46DE8}") = "ORM", "ORM", "{9FDC452E-CE19-410C-B3C4-670C0D121ADE}"
EndProject
Project("{2150E333-8FDC-42A3-9474-1A3956D46DE8}") = "Framework", "Framework", "{F3306008-A515-46FB-B09A-46E6ABD29138}"
EndProject
Project("{FAE04EC0-301F-11D3-BF4B-00C04F79EFBC}") = "DR.DataAccess.Queries", "DR.DataAccess.Queries\DR.DataAccess.Queries.csproj", "{DBD332C8-514E-4069-BC50-37E5958BE660}"
EndProject
Project("{FAE04EC0-301F-11D3-BF4B-00C04F79EFBC}") = "DR.DataAccess.Test.Framework.NUnit", "DR.DataAccess.Test.Framework.NUnit\DR.DataAccess.Test.Framework.NUnit.csproj", "{806B544D-FFCA-4289-9B6E-553C61884A53}"
EndProject
Project("{2150E333-8FDC-42A3-9474-1A3956D46DE8}") = "Framework", "Framework", "{E58A2897-3D83-43A2-AAB6-FC85DD21D412}"
EndProject
Project("{FAE04EC0-301F-11D3-BF4B-00C04F79EFBC}") = "DR.DataAccess.Test.Framework.MbUnit", "DR.DataAccess.Test.Framework.MbUnit\DR.DataAccess.Test.Framework.MbUnit.csproj", "{C8E347B9-BF3E-4FB0-80B1-A221A2E4B2CF}"
EndProject
Global
	GlobalSection(SolutionConfigurationPlatforms) = preSolution
		Debug|Any CPU = Debug|Any CPU
		Release|Any CPU = Release|Any CPU
	EndGlobalSection
	GlobalSection(ProjectConfigurationPlatforms) = postSolution
		{50F2C8C1-D1CC-4B31-B4B6-BB2E53991D74}.Debug|Any CPU.ActiveCfg = Debug|Any CPU
		{50F2C8C1-D1CC-4B31-B4B6-BB2E53991D74}.Debug|Any CPU.Build.0 = Debug|Any CPU
		{50F2C8C1-D1CC-4B31-B4B6-BB2E53991D74}.Release|Any CPU.ActiveCfg = Release|Any CPU
		{50F2C8C1-D1CC-4B31-B4B6-BB2E53991D74}.Release|Any CPU.Build.0 = Release|Any CPU
		{B10FAC39-A2E6-4D8E-89F7-6C1E007BBA6B}.Debug|Any CPU.ActiveCfg = Debug|Any CPU
		{B10FAC39-A2E6-4D8E-89F7-6C1E007BBA6B}.Debug|Any CPU.Build.0 = Debug|Any CPU
		{B10FAC39-A2E6-4D8E-89F7-6C1E007BBA6B}.Release|Any CPU.ActiveCfg = Release|Any CPU
		{B10FAC39-A2E6-4D8E-89F7-6C1E007BBA6B}.Release|Any CPU.Build.0 = Release|Any CPU
		{48C67FA4-95C2-43DF-B26E-253E112C204D}.Debug|Any CPU.ActiveCfg = Debug|Any CPU
		{48C67FA4-95C2-43DF-B26E-253E112C204D}.Debug|Any CPU.Build.0 = Debug|Any CPU
		{48C67FA4-95C2-43DF-B26E-253E112C204D}.Release|Any CPU.ActiveCfg = Release|Any CPU
		{48C67FA4-95C2-43DF-B26E-253E112C204D}.Release|Any CPU.Build.0 = Release|Any CPU
		{D3829EB5-442B-4E07-8276-E704324F4E92}.Debug|Any CPU.ActiveCfg = Debug|Any CPU
		{D3829EB5-442B-4E07-8276-E704324F4E92}.Debug|Any CPU.Build.0 = Debug|Any CPU
		{D3829EB5-442B-4E07-8276-E704324F4E92}.Release|Any CPU.ActiveCfg = Release|Any CPU
		{D3829EB5-442B-4E07-8276-E704324F4E92}.Release|Any CPU.Build.0 = Release|Any CPU
		{DFB28E3D-06DF-4155-9AD2-41A7A58E5106}.Debug|Any CPU.ActiveCfg = Debug|Any CPU
		{DFB28E3D-06DF-4155-9AD2-41A7A58E5106}.Debug|Any CPU.Build.0 = Debug|Any CPU
		{DFB28E3D-06DF-4155-9AD2-41A7A58E5106}.Release|Any CPU.ActiveCfg = Release|Any CPU
		{DFB28E3D-06DF-4155-9AD2-41A7A58E5106}.Release|Any CPU.Build.0 = Release|Any CPU
		{DBD332C8-514E-4069-BC50-37E5958BE660}.Debug|Any CPU.ActiveCfg = Debug|Any CPU
		{DBD332C8-514E-4069-BC50-37E5958BE660}.Debug|Any CPU.Build.0 = Debug|Any CPU
		{DBD332C8-514E-4069-BC50-37E5958BE660}.Release|Any CPU.ActiveCfg = Release|Any CPU
		{DBD332C8-514E-4069-BC50-37E5958BE660}.Release|Any CPU.Build.0 = Release|Any CPU
		{806B544D-FFCA-4289-9B6E-553C61884A53}.Debug|Any CPU.ActiveCfg = Debug|Any CPU
		{806B544D-FFCA-4289-9B6E-553C61884A53}.Debug|Any CPU.Build.0 = Debug|Any CPU
		{806B544D-FFCA-4289-9B6E-553C61884A53}.Release|Any CPU.ActiveCfg = Release|Any CPU
		{806B544D-FFCA-4289-9B6E-553C61884A53}.Release|Any CPU.Build.0 = Release|Any CPU
		{C8E347B9-BF3E-4FB0-80B1-A221A2E4B2CF}.Debug|Any CPU.ActiveCfg = Debug|Any CPU
		{C8E347B9-BF3E-4FB0-80B1-A221A2E4B2CF}.Debug|Any CPU.Build.0 = Debug|Any CPU
		{C8E347B9-BF3E-4FB0-80B1-A221A2E4B2CF}.Release|Any CPU.ActiveCfg = Release|Any CPU
		{C8E347B9-BF3E-4FB0-80B1-A221A2E4B2CF}.Release|Any CPU.Build.0 = Release|Any CPU
	EndGlobalSection
	GlobalSection(SolutionProperties) = preSolution
		HideSolutionNode = FALSE
	EndGlobalSection
	GlobalSection(NestedProjects) = preSolution
		{50F2C8C1-D1CC-4B31-B4B6-BB2E53991D74} = {88C41FA8-5562-479B-BE8F-1D607AB09A1D}
		{E58A2897-3D83-43A2-AAB6-FC85DD21D412} = {88C41FA8-5562-479B-BE8F-1D607AB09A1D}
		{DFB28E3D-06DF-4155-9AD2-41A7A58E5106} = {9FDC452E-CE19-410C-B3C4-670C0D121ADE}
		{D3829EB5-442B-4E07-8276-E704324F4E92} = {9FDC452E-CE19-410C-B3C4-670C0D121ADE}
		{B10FAC39-A2E6-4D8E-89F7-6C1E007BBA6B} = {9FDC452E-CE19-410C-B3C4-670C0D121ADE}
		{48C67FA4-95C2-43DF-B26E-253E112C204D} = {9FDC452E-CE19-410C-B3C4-670C0D121ADE}
		{DBD332C8-514E-4069-BC50-37E5958BE660} = {F3306008-A515-46FB-B09A-46E6ABD29138}
		{806B544D-FFCA-4289-9B6E-553C61884A53} = {E58A2897-3D83-43A2-AAB6-FC85DD21D412}
		{C8E347B9-BF3E-4FB0-80B1-A221A2E4B2CF} = {E58A2897-3D83-43A2-AAB6-FC85DD21D412}
	EndGlobalSection
EndGlobal
